
Microsoft Visual Studio Solution File, Format Version 12.00
# Visual Studio Version 17
VisualStudioVersion = 17.7.34202.233
MinimumVisualStudioVersion = 10.0.40219.1
Project("{9A19103F-16F7-4668-BE54-9A1E7A4F7556}") = "Entities", "Entities\Entities.csproj", "{658F4351-76D4-4567-9901-B16941E08ACF}"
EndProject
Project("{9A19103F-16F7-4668-BE54-9A1E7A4F7556}") = "DataAccess", "DataAccess\DataAccess.csproj", "{72708828-4D65-48E0-9BE1-04955B0ACE0E}"
EndProject
Project("{9A19103F-16F7-4668-BE54-9A1E7A4F7556}") = "Business", "Business\Business.csproj", "{F2EC80F7-BE1C-4436-97DC-87CFAE7D43DC}"
EndProject
Project("{9A19103F-16F7-4668-BE54-9A1E7A4F7556}") = "ConsoleUI", "ConsoleUI\ConsoleUI.csproj", "{4997C0E0-7725-4BA2-80FB-48D70109D921}"
EndProject
Project("{9A19103F-16F7-4668-BE54-9A1E7A4F7556}") = "Core", "Core\Core.csproj", "{479DE137-83C0-4207-B6E4-FAB513911788}"
EndProject
Project("{FAE04EC0-301F-11D3-BF4B-00C04F79EFBC}") = "WebAPI", "WebAPI\WebAPI.csproj", "{B1582EE0-1B1F-47B7-A9BA-210F8BC56B82}"
EndProject
Global
	GlobalSection(SolutionConfigurationPlatforms) = preSolution
		Debug|Any CPU = Debug|Any CPU
		Release|Any CPU = Release|Any CPU
	EndGlobalSection
	GlobalSection(ProjectConfigurationPlatforms) = postSolution
		{658F4351-76D4-4567-9901-B16941E08ACF}.Debug|Any CPU.ActiveCfg = Debug|Any CPU
		{658F4351-76D4-4567-9901-B16941E08ACF}.Debug|Any CPU.Build.0 = Debug|Any CPU
		{658F4351-76D4-4567-9901-B16941E08ACF}.Release|Any CPU.ActiveCfg = Release|Any CPU
		{658F4351-76D4-4567-9901-B16941E08ACF}.Release|Any CPU.Build.0 = Release|Any CPU
		{72708828-4D65-48E0-9BE1-04955B0ACE0E}.Debug|Any CPU.ActiveCfg = Debug|Any CPU
		{72708828-4D65-48E0-9BE1-04955B0ACE0E}.Debug|Any CPU.Build.0 = Debug|Any CPU
		{72708828-4D65-48E0-9BE1-04955B0ACE0E}.Release|Any CPU.ActiveCfg = Release|Any CPU
		{72708828-4D65-48E0-9BE1-04955B0ACE0E}.Release|Any CPU.Build.0 = Release|Any CPU
		{F2EC80F7-BE1C-4436-97DC-87CFAE7D43DC}.Debug|Any CPU.ActiveCfg = Debug|Any CPU
		{F2EC80F7-BE1C-4436-97DC-87CFAE7D43DC}.Debug|Any CPU.Build.0 = Debug|Any CPU
		{F2EC80F7-BE1C-4436-97DC-87CFAE7D43DC}.Release|Any CPU.ActiveCfg = Release|Any CPU
		{F2EC80F7-BE1C-4436-97DC-87CFAE7D43DC}.Release|Any CPU.Build.0 = Release|Any CPU
		{4997C0E0-7725-4BA2-80FB-48D70109D921}.Debug|Any CPU.ActiveCfg = Debug|Any CPU
		{4997C0E0-7725-4BA2-80FB-48D70109D921}.Debug|Any CPU.Build.0 = Debug|Any CPU
		{4997C0E0-7725-4BA2-80FB-48D70109D921}.Release|Any CPU.ActiveCfg = Release|Any CPU
		{4997C0E0-7725-4BA2-80FB-48D70109D921}.Release|Any CPU.Build.0 = Release|Any CPU
		{479DE137-83C0-4207-B6E4-FAB513911788}.Debug|Any CPU.ActiveCfg = Debug|Any CPU
		{479DE137-83C0-4207-B6E4-FAB513911788}.Debug|Any CPU.Build.0 = Debug|Any CPU
		{479DE137-83C0-4207-B6E4-FAB513911788}.Release|Any CPU.ActiveCfg = Release|Any CPU
		{479DE137-83C0-4207-B6E4-FAB513911788}.Release|Any CPU.Build.0 = Release|Any CPU
		{B1582EE0-1B1F-47B7-A9BA-210F8BC56B82}.Debug|Any CPU.ActiveCfg = Debug|Any CPU
		{B1582EE0-1B1F-47B7-A9BA-210F8BC56B82}.Debug|Any CPU.Build.0 = Debug|Any CPU
		{B1582EE0-1B1F-47B7-A9BA-210F8BC56B82}.Release|Any CPU.ActiveCfg = Release|Any CPU
		{B1582EE0-1B1F-47B7-A9BA-210F8BC56B82}.Release|Any CPU.Build.0 = Release|Any CPU
	EndGlobalSection
	GlobalSection(SolutionProperties) = preSolution
		HideSolutionNode = FALSE
	EndGlobalSection
	GlobalSection(ExtensibilityGlobals) = postSolution
		SolutionGuid = {00D6FC81-5D0D-4591-B46A-BE5B5823E445}
	EndGlobalSection
EndGlobal
